
Microsoft Visual Studio Solution File, Format Version 12.00
# Visual Studio Version 16
VisualStudioVersion = 16.0.30503.244
MinimumVisualStudioVersion = 10.0.40219.1
Project("{FAE04EC0-301F-11D3-BF4B-00C04F79EFBC}") = "Canary", "Canary\Canary.csproj", "{0A382D9A-897F-431A-81C2-A4E08392C587}"
EndProject
Global
	GlobalSection(SolutionConfigurationPlatforms) = preSolution
		Debug|Any CPU = Debug|Any CPU
		Release|Any CPU = Release|Any CPU
	EndGlobalSection
	GlobalSection(ProjectConfigurationPlatforms) = postSolution
		{0A382D9A-897F-431A-81C2-A4E08392C587}.Debug|Any CPU.ActiveCfg = Debug|Any CPU
		{0A382D9A-897F-431A-81C2-A4E08392C587}.Debug|Any CPU.Build.0 = Debug|Any CPU
		{0A382D9A-897F-431A-81C2-A4E08392C587}.Release|Any CPU.ActiveCfg = Release|Any CPU
		{0A382D9A-897F-431A-81C2-A4E08392C587}.Release|Any CPU.Build.0 = Release|Any CPU
	EndGlobalSection
	GlobalSection(SolutionProperties) = preSolution
		HideSolutionNode = FALSE
	EndGlobalSection
	GlobalSection(ExtensibilityGlobals) = postSolution
		SolutionGuid = {446CB9F8-F0C0-455E-A2EE-BC29AE28BD6B}
	EndGlobalSection
EndGlobal
