
Microsoft Visual Studio Solution File, Format Version 12.00
Project("{FAE04EC0-301F-11D3-BF4B-00C04F79EFBC}") = "PickmansModel", "PickmansModel\PickmansModel.csproj", "{19657BE4-51CA-4A85-8AB1-F6666008B1F3}"
EndProject
Global
	GlobalSection(SolutionConfigurationPlatforms) = preSolution
		Debug|Any CPU = Debug|Any CPU
		Release|Any CPU = Release|Any CPU
	EndGlobalSection
	GlobalSection(ProjectConfigurationPlatforms) = postSolution
		{19657BE4-51CA-4A85-8AB1-F6666008B1F3}.Release|Any CPU.ActiveCfg = Release|Any CPU
		{19657BE4-51CA-4A85-8AB1-F6666008B1F3}.Release|Any CPU.Build.0 = Release|Any CPU
		{19657BE4-51CA-4A85-8AB1-F6666008B1F3}.Debug|Any CPU.ActiveCfg = Release|Any CPU
		{19657BE4-51CA-4A85-8AB1-F6666008B1F3}.Debug|Any CPU.Build.0 = Release|Any CPU
	EndGlobalSection
EndGlobal
