
Microsoft Visual Studio Solution File, Format Version 12.00
# Visual Studio Version 16
VisualStudioVersion = 16.0.30011.22
MinimumVisualStudioVersion = 10.0.40219.1
Project("{FAE04EC0-301F-11D3-BF4B-00C04F79EFBC}") = "Londor", "Londor\Londor.csproj", "{5611236E-2557-45B8-BE29-5D1F074D199E}"
EndProject
Global
	GlobalSection(SolutionConfigurationPlatforms) = preSolution
		Debug|x64 = Debug|x64
		Release|x64 = Release|x64
	EndGlobalSection
	GlobalSection(ProjectConfigurationPlatforms) = postSolution
		{5611236E-2557-45B8-BE29-5D1F074D199E}.Debug|x64.ActiveCfg = Debug|x64
		{5611236E-2557-45B8-BE29-5D1F074D199E}.Debug|x64.Build.0 = Debug|x64
		{5611236E-2557-45B8-BE29-5D1F074D199E}.Release|x64.ActiveCfg = Release|x64
		{5611236E-2557-45B8-BE29-5D1F074D199E}.Release|x64.Build.0 = Release|x64
	EndGlobalSection
	GlobalSection(SolutionProperties) = preSolution
		HideSolutionNode = FALSE
	EndGlobalSection
	GlobalSection(ExtensibilityGlobals) = postSolution
		SolutionGuid = {EEE1513B-5DD9-4F57-B3CE-A3E0F5AF4716}
	EndGlobalSection
EndGlobal
