
Microsoft Visual Studio Solution File, Format Version 12.00
# Visual Studio 15
VisualStudioVersion = 15.0.27703.2035
MinimumVisualStudioVersion = 10.0.40219.1
Project("{FAE04EC0-301F-11D3-BF4B-00C04F79EFBC}") = "MaceTrap", "MaceTrap.csproj", "{A3B7C697-4BB6-455D-9FDA-4AB54AE4C8D2}"
EndProject
Global
	GlobalSection(SolutionConfigurationPlatforms) = preSolution
		Debug|Any CPU = Debug|Any CPU
		Release|Any CPU = Release|Any CPU
	EndGlobalSection
	GlobalSection(ProjectConfigurationPlatforms) = postSolution
		{A3B7C697-4BB6-455D-9FDA-4AB54AE4C8D2}.Debug|Any CPU.ActiveCfg = Debug|Any CPU
		{A3B7C697-4BB6-455D-9FDA-4AB54AE4C8D2}.Debug|Any CPU.Build.0 = Debug|Any CPU
		{A3B7C697-4BB6-455D-9FDA-4AB54AE4C8D2}.Release|Any CPU.ActiveCfg = Release|Any CPU
		{A3B7C697-4BB6-455D-9FDA-4AB54AE4C8D2}.Release|Any CPU.Build.0 = Release|Any CPU
	EndGlobalSection
	GlobalSection(SolutionProperties) = preSolution
		HideSolutionNode = FALSE
	EndGlobalSection
	GlobalSection(ExtensibilityGlobals) = postSolution
		SolutionGuid = {67D10F54-BE65-4CF1-A3D2-63B0CECED0D6}
	EndGlobalSection
EndGlobal
