
Microsoft Visual Studio Solution File, Format Version 12.00
# Visual Studio 15
VisualStudioVersion = 15.0.27703.2035
MinimumVisualStudioVersion = 10.0.40219.1
Project("{FAE04EC0-301F-11D3-BF4B-00C04F79EFBC}") = "SwampThing", "SwampThing.csproj", "{72019DFE-608E-4AB2-A8F1-66C95C425620}"
EndProject
Global
	GlobalSection(SolutionConfigurationPlatforms) = preSolution
		Debug|Any CPU = Debug|Any CPU
		Release|Any CPU = Release|Any CPU
	EndGlobalSection
	GlobalSection(ProjectConfigurationPlatforms) = postSolution
		{72019DFE-608E-4AB2-A8F1-66C95C425620}.Debug|Any CPU.ActiveCfg = Debug|Any CPU
		{72019DFE-608E-4AB2-A8F1-66C95C425620}.Debug|Any CPU.Build.0 = Debug|Any CPU
		{72019DFE-608E-4AB2-A8F1-66C95C425620}.Release|Any CPU.ActiveCfg = Release|Any CPU
		{72019DFE-608E-4AB2-A8F1-66C95C425620}.Release|Any CPU.Build.0 = Release|Any CPU
	EndGlobalSection
	GlobalSection(SolutionProperties) = preSolution
		HideSolutionNode = FALSE
	EndGlobalSection
	GlobalSection(ExtensibilityGlobals) = postSolution
		SolutionGuid = {6F9EB1ED-4EE7-488C-BDE0-6C07935B7765}
	EndGlobalSection
EndGlobal
